// !$*UTF8*$!
{
	archiveVersion = 1;
	classes = {
	};
	objectVersion = 56;
	objects = {

/* Begin PBXBuildFile section */
		3EEB9B8F29CD335300744D6E /* HydraArcheApp.swift in Sources */ = {isa = PBXBuildFile; fileRef = 3EEB9B8E29CD335300744D6E /* HydraArcheApp.swift */; };
		3EEB9B9129CD335300744D6E /* HydraArcheDocument.swift in Sources */ = {isa = PBXBuildFile; fileRef = 3EEB9B9029CD335300744D6E /* HydraArcheDocument.swift */; };
		3EEB9B9329CD335300744D6E /* ContentView.swift in Sources */ = {isa = PBXBuildFile; fileRef = 3EEB9B9229CD335300744D6E /* ContentView.swift */; };
		3EEB9B9529CD335500744D6E /* Assets.xcassets in Resources */ = {isa = PBXBuildFile; fileRef = 3EEB9B9429CD335500744D6E /* Assets.xcassets */; };
		3EEB9B9829CD335500744D6E /* Preview Assets.xcassets in Resources */ = {isa = PBXBuildFile; fileRef = 3EEB9B9729CD335500744D6E /* Preview Assets.xcassets */; };
		3EEB9BA429CD335600744D6E /* HydraArcheTests.swift in Sources */ = {isa = PBXBuildFile; fileRef = 3EEB9BA329CD335600744D6E /* HydraArcheTests.swift */; };
		3EEB9BAE29CD335600744D6E /* HydraArcheUITests.swift in Sources */ = {isa = PBXBuildFile; fileRef = 3EEB9BAD29CD335600744D6E /* HydraArcheUITests.swift */; };
		3EEB9BB029CD335600744D6E /* HydraArcheUITestsLaunchTests.swift in Sources */ = {isa = PBXBuildFile; fileRef = 3EEB9BAF29CD335600744D6E /* HydraArcheUITestsLaunchTests.swift */; };
		3EEB9BBF29CD36D600744D6E /* Camera.mm in Sources */ = {isa = PBXBuildFile; fileRef = 3EEB9BBD29CD36D600744D6E /* Camera.mm */; };
		3EEB9BC329CD373400744D6E /* BlitShaders.metal in Sources */ = {isa = PBXBuildFile; fileRef = 3EEB9BC029CD373400744D6E /* BlitShaders.metal */; };
		3EEB9BC429CD373400744D6E /* Renderer.mm in Sources */ = {isa = PBXBuildFile; fileRef = 3EEB9BC229CD373400744D6E /* Renderer.mm */; };
		3EEB9BC629CD3A2E00744D6E /* Canvas.swift in Sources */ = {isa = PBXBuildFile; fileRef = 3EEB9BC529CD3A2E00744D6E /* Canvas.swift */; };
		3EEB9BC929CD3F3600744D6E /* RenderView.swift in Sources */ = {isa = PBXBuildFile; fileRef = 3EEB9BC829CD3F3600744D6E /* RenderView.swift */; };
/* End PBXBuildFile section */

/* Begin PBXContainerItemProxy section */
		3EEB9BA029CD335600744D6E /* PBXContainerItemProxy */ = {
			isa = PBXContainerItemProxy;
			containerPortal = 3EEB9B8329CD335300744D6E /* Project object */;
			proxyType = 1;
			remoteGlobalIDString = 3EEB9B8A29CD335300744D6E;
			remoteInfo = HydraArche;
		};
		3EEB9BAA29CD335600744D6E /* PBXContainerItemProxy */ = {
			isa = PBXContainerItemProxy;
			containerPortal = 3EEB9B8329CD335300744D6E /* Project object */;
			proxyType = 1;
			remoteGlobalIDString = 3EEB9B8A29CD335300744D6E;
			remoteInfo = HydraArche;
		};
/* End PBXContainerItemProxy section */

/* Begin PBXFileReference section */
		3EEB9B8B29CD335300744D6E /* HydraArche.app */ = {isa = PBXFileReference; explicitFileType = wrapper.application; includeInIndex = 0; path = HydraArche.app; sourceTree = BUILT_PRODUCTS_DIR; };
		3EEB9B8E29CD335300744D6E /* HydraArcheApp.swift */ = {isa = PBXFileReference; lastKnownFileType = sourcecode.swift; path = HydraArcheApp.swift; sourceTree = "<group>"; };
		3EEB9B9029CD335300744D6E /* HydraArcheDocument.swift */ = {isa = PBXFileReference; lastKnownFileType = sourcecode.swift; path = HydraArcheDocument.swift; sourceTree = "<group>"; };
		3EEB9B9229CD335300744D6E /* ContentView.swift */ = {isa = PBXFileReference; lastKnownFileType = sourcecode.swift; path = ContentView.swift; sourceTree = "<group>"; };
		3EEB9B9429CD335500744D6E /* Assets.xcassets */ = {isa = PBXFileReference; lastKnownFileType = folder.assetcatalog; path = Assets.xcassets; sourceTree = "<group>"; };
		3EEB9B9729CD335500744D6E /* Preview Assets.xcassets */ = {isa = PBXFileReference; lastKnownFileType = folder.assetcatalog; path = "Preview Assets.xcassets"; sourceTree = "<group>"; };
		3EEB9B9929CD335500744D6E /* Info.plist */ = {isa = PBXFileReference; lastKnownFileType = text.plist.xml; path = Info.plist; sourceTree = "<group>"; };
		3EEB9B9A29CD335500744D6E /* HydraArche.entitlements */ = {isa = PBXFileReference; lastKnownFileType = text.plist.entitlements; path = HydraArche.entitlements; sourceTree = "<group>"; };
		3EEB9B9F29CD335600744D6E /* HydraArcheTests.xctest */ = {isa = PBXFileReference; explicitFileType = wrapper.cfbundle; includeInIndex = 0; path = HydraArcheTests.xctest; sourceTree = BUILT_PRODUCTS_DIR; };
		3EEB9BA329CD335600744D6E /* HydraArcheTests.swift */ = {isa = PBXFileReference; lastKnownFileType = sourcecode.swift; path = HydraArcheTests.swift; sourceTree = "<group>"; };
		3EEB9BA929CD335600744D6E /* HydraArcheUITests.xctest */ = {isa = PBXFileReference; explicitFileType = wrapper.cfbundle; includeInIndex = 0; path = HydraArcheUITests.xctest; sourceTree = BUILT_PRODUCTS_DIR; };
		3EEB9BAD29CD335600744D6E /* HydraArcheUITests.swift */ = {isa = PBXFileReference; lastKnownFileType = sourcecode.swift; path = HydraArcheUITests.swift; sourceTree = "<group>"; };
		3EEB9BAF29CD335600744D6E /* HydraArcheUITestsLaunchTests.swift */ = {isa = PBXFileReference; lastKnownFileType = sourcecode.swift; path = HydraArcheUITestsLaunchTests.swift; sourceTree = "<group>"; };
		3EEB9BBC29CD36D400744D6E /* Bridging.h */ = {isa = PBXFileReference; lastKnownFileType = sourcecode.c.h; path = Bridging.h; sourceTree = "<group>"; };
		3EEB9BBD29CD36D600744D6E /* Camera.mm */ = {isa = PBXFileReference; fileEncoding = 4; lastKnownFileType = sourcecode.cpp.objcpp; path = Camera.mm; sourceTree = "<group>"; };
		3EEB9BBE29CD36D600744D6E /* Camera.h */ = {isa = PBXFileReference; fileEncoding = 4; lastKnownFileType = sourcecode.c.h; path = Camera.h; sourceTree = "<group>"; };
		3EEB9BC029CD373400744D6E /* BlitShaders.metal */ = {isa = PBXFileReference; fileEncoding = 4; lastKnownFileType = sourcecode.metal; path = BlitShaders.metal; sourceTree = "<group>"; };
		3EEB9BC129CD373400744D6E /* Renderer.h */ = {isa = PBXFileReference; fileEncoding = 4; lastKnownFileType = sourcecode.c.h; path = Renderer.h; sourceTree = "<group>"; };
		3EEB9BC229CD373400744D6E /* Renderer.mm */ = {isa = PBXFileReference; fileEncoding = 4; lastKnownFileType = sourcecode.cpp.objcpp; path = Renderer.mm; sourceTree = "<group>"; };
		3EEB9BC529CD3A2E00744D6E /* Canvas.swift */ = {isa = PBXFileReference; lastKnownFileType = sourcecode.swift; path = Canvas.swift; sourceTree = "<group>"; };
		3EEB9BC829CD3F3600744D6E /* RenderView.swift */ = {isa = PBXFileReference; lastKnownFileType = sourcecode.swift; path = RenderView.swift; sourceTree = "<group>"; };
/* End PBXFileReference section */

/* Begin PBXFrameworksBuildPhase section */
		3EEB9B8829CD335300744D6E /* Frameworks */ = {
			isa = PBXFrameworksBuildPhase;
			buildActionMask = 2147483647;
			files = (
			);
			runOnlyForDeploymentPostprocessing = 0;
		};
		3EEB9B9C29CD335600744D6E /* Frameworks */ = {
			isa = PBXFrameworksBuildPhase;
			buildActionMask = 2147483647;
			files = (
			);
			runOnlyForDeploymentPostprocessing = 0;
		};
		3EEB9BA629CD335600744D6E /* Frameworks */ = {
			isa = PBXFrameworksBuildPhase;
			buildActionMask = 2147483647;
			files = (
			);
			runOnlyForDeploymentPostprocessing = 0;
		};
/* End PBXFrameworksBuildPhase section */

/* Begin PBXGroup section */
		3EEB9B8229CD335300744D6E = {
			isa = PBXGroup;
			children = (
				3EEB9B8D29CD335300744D6E /* HydraArche */,
				3EEB9BA229CD335600744D6E /* HydraArcheTests */,
				3EEB9BAC29CD335600744D6E /* HydraArcheUITests */,
				3EEB9B8C29CD335300744D6E /* Products */,
			);
			sourceTree = "<group>";
		};
		3EEB9B8C29CD335300744D6E /* Products */ = {
			isa = PBXGroup;
			children = (
				3EEB9B8B29CD335300744D6E /* HydraArche.app */,
				3EEB9B9F29CD335600744D6E /* HydraArcheTests.xctest */,
				3EEB9BA929CD335600744D6E /* HydraArcheUITests.xctest */,
			);
			name = Products;
			sourceTree = "<group>";
		};
		3EEB9B8D29CD335300744D6E /* HydraArche */ = {
			isa = PBXGroup;
			children = (
				3EEB9BC029CD373400744D6E /* BlitShaders.metal */,
				3EEB9BC129CD373400744D6E /* Renderer.h */,
				3EEB9BC229CD373400744D6E /* Renderer.mm */,
				3EEB9BBE29CD36D600744D6E /* Camera.h */,
				3EEB9BBD29CD36D600744D6E /* Camera.mm */,
				3EEB9BC529CD3A2E00744D6E /* Canvas.swift */,
				3EEB9BC829CD3F3600744D6E /* RenderView.swift */,
				3EEB9B9229CD335300744D6E /* ContentView.swift */,
				3EEB9B9029CD335300744D6E /* HydraArcheDocument.swift */,
				3EEB9B8E29CD335300744D6E /* HydraArcheApp.swift */,
				3EEB9B9429CD335500744D6E /* Assets.xcassets */,
				3EEB9B9929CD335500744D6E /* Info.plist */,
				3EEB9B9A29CD335500744D6E /* HydraArche.entitlements */,
				3EEB9B9629CD335500744D6E /* Preview Content */,
				3EEB9BBC29CD36D400744D6E /* Bridging.h */,
			);
			path = HydraArche;
			sourceTree = "<group>";
		};
		3EEB9B9629CD335500744D6E /* Preview Content */ = {
			isa = PBXGroup;
			children = (
				3EEB9B9729CD335500744D6E /* Preview Assets.xcassets */,
			);
			path = "Preview Content";
			sourceTree = "<group>";
		};
		3EEB9BA229CD335600744D6E /* HydraArcheTests */ = {
			isa = PBXGroup;
			children = (
				3EEB9BA329CD335600744D6E /* HydraArcheTests.swift */,
			);
			path = HydraArcheTests;
			sourceTree = "<group>";
		};
		3EEB9BAC29CD335600744D6E /* HydraArcheUITests */ = {
			isa = PBXGroup;
			children = (
				3EEB9BAD29CD335600744D6E /* HydraArcheUITests.swift */,
				3EEB9BAF29CD335600744D6E /* HydraArcheUITestsLaunchTests.swift */,
			);
			path = HydraArcheUITests;
			sourceTree = "<group>";
		};
/* End PBXGroup section */

/* Begin PBXNativeTarget section */
		3EEB9B8A29CD335300744D6E /* HydraArche */ = {
			isa = PBXNativeTarget;
			buildConfigurationList = 3EEB9BB329CD335600744D6E /* Build configuration list for PBXNativeTarget "HydraArche" */;
			buildPhases = (
				3EEB9B8729CD335300744D6E /* Sources */,
				3EEB9B8829CD335300744D6E /* Frameworks */,
				3EEB9B8929CD335300744D6E /* Resources */,
			);
			buildRules = (
			);
			dependencies = (
			);
			name = HydraArche;
			productName = HydraArche;
			productReference = 3EEB9B8B29CD335300744D6E /* HydraArche.app */;
			productType = "com.apple.product-type.application";
		};
		3EEB9B9E29CD335600744D6E /* HydraArcheTests */ = {
			isa = PBXNativeTarget;
			buildConfigurationList = 3EEB9BB629CD335600744D6E /* Build configuration list for PBXNativeTarget "HydraArcheTests" */;
			buildPhases = (
				3EEB9B9B29CD335600744D6E /* Sources */,
				3EEB9B9C29CD335600744D6E /* Frameworks */,
				3EEB9B9D29CD335600744D6E /* Resources */,
			);
			buildRules = (
			);
			dependencies = (
				3EEB9BA129CD335600744D6E /* PBXTargetDependency */,
			);
			name = HydraArcheTests;
			productName = HydraArcheTests;
			productReference = 3EEB9B9F29CD335600744D6E /* HydraArcheTests.xctest */;
			productType = "com.apple.product-type.bundle.unit-test";
		};
		3EEB9BA829CD335600744D6E /* HydraArcheUITests */ = {
			isa = PBXNativeTarget;
			buildConfigurationList = 3EEB9BB929CD335600744D6E /* Build configuration list for PBXNativeTarget "HydraArcheUITests" */;
			buildPhases = (
				3EEB9BA529CD335600744D6E /* Sources */,
				3EEB9BA629CD335600744D6E /* Frameworks */,
				3EEB9BA729CD335600744D6E /* Resources */,
			);
			buildRules = (
			);
			dependencies = (
				3EEB9BAB29CD335600744D6E /* PBXTargetDependency */,
			);
			name = HydraArcheUITests;
			productName = HydraArcheUITests;
			productReference = 3EEB9BA929CD335600744D6E /* HydraArcheUITests.xctest */;
			productType = "com.apple.product-type.bundle.ui-testing";
		};
/* End PBXNativeTarget section */

/* Begin PBXProject section */
		3EEB9B8329CD335300744D6E /* Project object */ = {
			isa = PBXProject;
			attributes = {
				BuildIndependentTargetsInParallel = 1;
				LastSwiftUpdateCheck = 1420;
				LastUpgradeCheck = 1420;
				TargetAttributes = {
					3EEB9B8A29CD335300744D6E = {
						CreatedOnToolsVersion = 14.2;
						LastSwiftMigration = 1420;
					};
					3EEB9B9E29CD335600744D6E = {
						CreatedOnToolsVersion = 14.2;
						TestTargetID = 3EEB9B8A29CD335300744D6E;
					};
					3EEB9BA829CD335600744D6E = {
						CreatedOnToolsVersion = 14.2;
						TestTargetID = 3EEB9B8A29CD335300744D6E;
					};
				};
			};
			buildConfigurationList = 3EEB9B8629CD335300744D6E /* Build configuration list for PBXProject "HydraArche" */;
			compatibilityVersion = "Xcode 14.0";
			developmentRegion = en;
			hasScannedForEncodings = 0;
			knownRegions = (
				en,
				Base,
			);
			mainGroup = 3EEB9B8229CD335300744D6E;
			productRefGroup = 3EEB9B8C29CD335300744D6E /* Products */;
			projectDirPath = "";
			projectRoot = "";
			targets = (
				3EEB9B8A29CD335300744D6E /* HydraArche */,
				3EEB9B9E29CD335600744D6E /* HydraArcheTests */,
				3EEB9BA829CD335600744D6E /* HydraArcheUITests */,
			);
		};
/* End PBXProject section */

/* Begin PBXResourcesBuildPhase section */
		3EEB9B8929CD335300744D6E /* Resources */ = {
			isa = PBXResourcesBuildPhase;
			buildActionMask = 2147483647;
			files = (
				3EEB9B9829CD335500744D6E /* Preview Assets.xcassets in Resources */,
				3EEB9B9529CD335500744D6E /* Assets.xcassets in Resources */,
			);
			runOnlyForDeploymentPostprocessing = 0;
		};
		3EEB9B9D29CD335600744D6E /* Resources */ = {
			isa = PBXResourcesBuildPhase;
			buildActionMask = 2147483647;
			files = (
			);
			runOnlyForDeploymentPostprocessing = 0;
		};
		3EEB9BA729CD335600744D6E /* Resources */ = {
			isa = PBXResourcesBuildPhase;
			buildActionMask = 2147483647;
			files = (
			);
			runOnlyForDeploymentPostprocessing = 0;
		};
/* End PBXResourcesBuildPhase section */

/* Begin PBXSourcesBuildPhase section */
		3EEB9B8729CD335300744D6E /* Sources */ = {
			isa = PBXSourcesBuildPhase;
			buildActionMask = 2147483647;
			files = (
				3EEB9BC629CD3A2E00744D6E /* Canvas.swift in Sources */,
				3EEB9BC329CD373400744D6E /* BlitShaders.metal in Sources */,
				3EEB9B8F29CD335300744D6E /* HydraArcheApp.swift in Sources */,
				3EEB9B9129CD335300744D6E /* HydraArcheDocument.swift in Sources */,
				3EEB9BBF29CD36D600744D6E /* Camera.mm in Sources */,
				3EEB9BC429CD373400744D6E /* Renderer.mm in Sources */,
				3EEB9BC929CD3F3600744D6E /* RenderView.swift in Sources */,
				3EEB9B9329CD335300744D6E /* ContentView.swift in Sources */,
			);
			runOnlyForDeploymentPostprocessing = 0;
		};
		3EEB9B9B29CD335600744D6E /* Sources */ = {
			isa = PBXSourcesBuildPhase;
			buildActionMask = 2147483647;
			files = (
				3EEB9BA429CD335600744D6E /* HydraArcheTests.swift in Sources */,
			);
			runOnlyForDeploymentPostprocessing = 0;
		};
		3EEB9BA529CD335600744D6E /* Sources */ = {
			isa = PBXSourcesBuildPhase;
			buildActionMask = 2147483647;
			files = (
				3EEB9BAE29CD335600744D6E /* HydraArcheUITests.swift in Sources */,
				3EEB9BB029CD335600744D6E /* HydraArcheUITestsLaunchTests.swift in Sources */,
			);
			runOnlyForDeploymentPostprocessing = 0;
		};
/* End PBXSourcesBuildPhase section */

/* Begin PBXTargetDependency section */
		3EEB9BA129CD335600744D6E /* PBXTargetDependency */ = {
			isa = PBXTargetDependency;
			target = 3EEB9B8A29CD335300744D6E /* HydraArche */;
			targetProxy = 3EEB9BA029CD335600744D6E /* PBXContainerItemProxy */;
		};
		3EEB9BAB29CD335600744D6E /* PBXTargetDependency */ = {
			isa = PBXTargetDependency;
			target = 3EEB9B8A29CD335300744D6E /* HydraArche */;
			targetProxy = 3EEB9BAA29CD335600744D6E /* PBXContainerItemProxy */;
		};
/* End PBXTargetDependency section */

/* Begin XCBuildConfiguration section */
		3EEB9BB129CD335600744D6E /* Debug */ = {
			isa = XCBuildConfiguration;
			buildSettings = {
				ALWAYS_SEARCH_USER_PATHS = NO;
				CLANG_ANALYZER_NONNULL = YES;
				CLANG_ANALYZER_NUMBER_OBJECT_CONVERSION = YES_AGGRESSIVE;
				CLANG_CXX_LANGUAGE_STANDARD = "gnu++20";
				CLANG_ENABLE_MODULES = YES;
				CLANG_ENABLE_OBJC_ARC = YES;
				CLANG_ENABLE_OBJC_WEAK = YES;
				CLANG_WARN_BLOCK_CAPTURE_AUTORELEASING = YES;
				CLANG_WARN_BOOL_CONVERSION = YES;
				CLANG_WARN_COMMA = YES;
				CLANG_WARN_CONSTANT_CONVERSION = YES;
				CLANG_WARN_DEPRECATED_OBJC_IMPLEMENTATIONS = YES;
				CLANG_WARN_DIRECT_OBJC_ISA_USAGE = YES_ERROR;
				CLANG_WARN_DOCUMENTATION_COMMENTS = YES;
				CLANG_WARN_EMPTY_BODY = YES;
				CLANG_WARN_ENUM_CONVERSION = YES;
				CLANG_WARN_INFINITE_RECURSION = YES;
				CLANG_WARN_INT_CONVERSION = YES;
				CLANG_WARN_NON_LITERAL_NULL_CONVERSION = YES;
				CLANG_WARN_OBJC_IMPLICIT_RETAIN_SELF = YES;
				CLANG_WARN_OBJC_LITERAL_CONVERSION = YES;
				CLANG_WARN_OBJC_ROOT_CLASS = YES_ERROR;
				CLANG_WARN_QUOTED_INCLUDE_IN_FRAMEWORK_HEADER = YES;
				CLANG_WARN_RANGE_LOOP_ANALYSIS = YES;
				CLANG_WARN_STRICT_PROTOTYPES = YES;
				CLANG_WARN_SUSPICIOUS_MOVE = YES;
				CLANG_WARN_UNGUARDED_AVAILABILITY = YES_AGGRESSIVE;
				CLANG_WARN_UNREACHABLE_CODE = YES;
				CLANG_WARN__DUPLICATE_METHOD_MATCH = YES;
				COPY_PHASE_STRIP = NO;
				DEBUG_INFORMATION_FORMAT = dwarf;
				ENABLE_STRICT_OBJC_MSGSEND = YES;
				ENABLE_TESTABILITY = YES;
				GCC_C_LANGUAGE_STANDARD = gnu11;
				GCC_DYNAMIC_NO_PIC = NO;
				GCC_NO_COMMON_BLOCKS = YES;
				GCC_OPTIMIZATION_LEVEL = 0;
				GCC_PREPROCESSOR_DEFINITIONS = (
					"DEBUG=1",
					"$(inherited)",
				);
				GCC_WARN_64_TO_32_BIT_CONVERSION = YES;
				GCC_WARN_ABOUT_RETURN_TYPE = YES_ERROR;
				GCC_WARN_UNDECLARED_SELECTOR = YES;
				GCC_WARN_UNINITIALIZED_AUTOS = YES_AGGRESSIVE;
				GCC_WARN_UNUSED_FUNCTION = YES;
				GCC_WARN_UNUSED_VARIABLE = YES;
				MACOSX_DEPLOYMENT_TARGET = 13.1;
				MTL_ENABLE_DEBUG_INFO = INCLUDE_SOURCE;
				MTL_FAST_MATH = YES;
				ONLY_ACTIVE_ARCH = YES;
				SDKROOT = macosx;
				SWIFT_ACTIVE_COMPILATION_CONDITIONS = DEBUG;
				SWIFT_OPTIMIZATION_LEVEL = "-Onone";
			};
			name = Debug;
		};
		3EEB9BB229CD335600744D6E /* Release */ = {
			isa = XCBuildConfiguration;
			buildSettings = {
				ALWAYS_SEARCH_USER_PATHS = NO;
				CLANG_ANALYZER_NONNULL = YES;
				CLANG_ANALYZER_NUMBER_OBJECT_CONVERSION = YES_AGGRESSIVE;
				CLANG_CXX_LANGUAGE_STANDARD = "gnu++20";
				CLANG_ENABLE_MODULES = YES;
				CLANG_ENABLE_OBJC_ARC = YES;
				CLANG_ENABLE_OBJC_WEAK = YES;
				CLANG_WARN_BLOCK_CAPTURE_AUTORELEASING = YES;
				CLANG_WARN_BOOL_CONVERSION = YES;
				CLANG_WARN_COMMA = YES;
				CLANG_WARN_CONSTANT_CONVERSION = YES;
				CLANG_WARN_DEPRECATED_OBJC_IMPLEMENTATIONS = YES;
				CLANG_WARN_DIRECT_OBJC_ISA_USAGE = YES_ERROR;
				CLANG_WARN_DOCUMENTATION_COMMENTS = YES;
				CLANG_WARN_EMPTY_BODY = YES;
				CLANG_WARN_ENUM_CONVERSION = YES;
				CLANG_WARN_INFINITE_RECURSION = YES;
				CLANG_WARN_INT_CONVERSION = YES;
				CLANG_WARN_NON_LITERAL_NULL_CONVERSION = YES;
				CLANG_WARN_OBJC_IMPLICIT_RETAIN_SELF = YES;
				CLANG_WARN_OBJC_LITERAL_CONVERSION = YES;
				CLANG_WARN_OBJC_ROOT_CLASS = YES_ERROR;
				CLANG_WARN_QUOTED_INCLUDE_IN_FRAMEWORK_HEADER = YES;
				CLANG_WARN_RANGE_LOOP_ANALYSIS = YES;
				CLANG_WARN_STRICT_PROTOTYPES = YES;
				CLANG_WARN_SUSPICIOUS_MOVE = YES;
				CLANG_WARN_UNGUARDED_AVAILABILITY = YES_AGGRESSIVE;
				CLANG_WARN_UNREACHABLE_CODE = YES;
				CLANG_WARN__DUPLICATE_METHOD_MATCH = YES;
				COPY_PHASE_STRIP = NO;
				DEBUG_INFORMATION_FORMAT = "dwarf-with-dsym";
				ENABLE_NS_ASSERTIONS = NO;
				ENABLE_STRICT_OBJC_MSGSEND = YES;
				GCC_C_LANGUAGE_STANDARD = gnu11;
				GCC_NO_COMMON_BLOCKS = YES;
				GCC_WARN_64_TO_32_BIT_CONVERSION = YES;
				GCC_WARN_ABOUT_RETURN_TYPE = YES_ERROR;
				GCC_WARN_UNDECLARED_SELECTOR = YES;
				GCC_WARN_UNINITIALIZED_AUTOS = YES_AGGRESSIVE;
				GCC_WARN_UNUSED_FUNCTION = YES;
				GCC_WARN_UNUSED_VARIABLE = YES;
				MACOSX_DEPLOYMENT_TARGET = 13.1;
				MTL_ENABLE_DEBUG_INFO = NO;
				MTL_FAST_MATH = YES;
				SDKROOT = macosx;
				SWIFT_COMPILATION_MODE = wholemodule;
				SWIFT_OPTIMIZATION_LEVEL = "-O";
			};
			name = Release;
		};
		3EEB9BB429CD335600744D6E /* Debug */ = {
			isa = XCBuildConfiguration;
			buildSettings = {
				ASSETCATALOG_COMPILER_APPICON_NAME = AppIcon;
				ASSETCATALOG_COMPILER_GLOBAL_ACCENT_COLOR_NAME = AccentColor;
				CLANG_ENABLE_MODULES = YES;
				CODE_SIGN_ENTITLEMENTS = HydraArche/HydraArche.entitlements;
				CODE_SIGN_STYLE = Automatic;
				COMBINE_HIDPI_IMAGES = YES;
				CURRENT_PROJECT_VERSION = 1;
				DEVELOPMENT_ASSET_PATHS = "\"HydraArche/Preview Content\"";
				DEVELOPMENT_TEAM = 4SL5L673UU;
				ENABLE_HARDENED_RUNTIME = YES;
				ENABLE_PREVIEWS = YES;
				GCC_PREPROCESSOR_DEFINITIONS = (
					"DEBUG=1",
					MACOS,
					PXR_METAL_SUPPORT_ENABLED,
					"$(inherited)",
				);
				GENERATE_INFOPLIST_FILE = YES;
				INFOPLIST_FILE = HydraArche/Info.plist;
				INFOPLIST_KEY_NSHumanReadableCopyright = "";
				LD_RUNPATH_SEARCH_PATHS = (
					"$(inherited)",
					"@executable_path/../Frameworks",
					./third_party/USDInstall/lib,
				);
				LIBRARY_SEARCH_PATHS = ./third_party/USDInstall/lib;
				MARKETING_VERSION = 1.0;
				OTHER_LDFLAGS = (
					"-lusd_usdMedia",
					"-lusd_usdRi",
					"-lusd_usdUI",
					"-lusd_usdUtils",
					"-lusd_usdPhysics",
					"-lusd_hdGp",
					"-lusd_usdProcImaging",
					"-lusd_usdRiImaging",
					"-lusd_usdSkelImaging",
					"-lusd_usdVolImaging",
					"-lusd_usdAppUtils",
					"-lusd_usdProc",
					"-lusd_usdSkel",
					"-lusd_usdImagingGL",
					"-lusd_usdHydra",
					"-lusd_hdx",
					"-lusd_hdSt",
					"-lusd_glf",
					"-lusd_hgiGL",
					"-lusd_hgiInterop",
					"-lusd_garch",
					"-lusd_hgiMetal",
					"-lusd_hgi",
					"-lusd_hdsi",
					"-lusd_usdImaging",
					"-lusd_usdVol",
					"-lusd_usdLux",
					"-lusd_usdShade",
					"-lusd_sdr",
					"-lusd_ndr",
					"-lusd_usdRender",
					"-lusd_usdGeom",
					"-lusd_usd",
					"-lusd_kind",
					"-lusd_pcp",
					"-lusd_hio",
					"-lusd_geomUtil",
					"-lusd_hdar",
					"-lusd_hd",
					"-lusd_sdf",
					"-lusd_ar",
					"-lusd_hf",
					"-lusd_plug",
					"-lusd_work",
					"-lusd_cameraUtil",
					"-lusd_pxOsd",
					"-lusd_vt",
					"-lusd_gf",
					"-lusd_trace",
					"-lusd_js",
					"-lusd_tf",
					"-lusd_arch",
					"-losdCPU",
					"-losdGPU",
					"-ltbb",
					"$(inherited)",
				);
				PRODUCT_BUNDLE_IDENTIFIER = archegraphics.HydraArche;
				PRODUCT_NAME = "$(TARGET_NAME)";
				SWIFT_EMIT_LOC_STRINGS = YES;
				SWIFT_OBJC_BRIDGING_HEADER = HydraArche/Bridging.h;
				SWIFT_OPTIMIZATION_LEVEL = "-Onone";
				SWIFT_VERSION = 5.0;
				SYSTEM_HEADER_SEARCH_PATHS = (
					./third_party/USDInstall/include,
					"$(inherited)",
				);
				USE_HEADERMAP = NO;
			};
			name = Debug;
		};
		3EEB9BB529CD335600744D6E /* Release */ = {
			isa = XCBuildConfiguration;
			buildSettings = {
				ASSETCATALOG_COMPILER_APPICON_NAME = AppIcon;
				ASSETCATALOG_COMPILER_GLOBAL_ACCENT_COLOR_NAME = AccentColor;
				CLANG_ENABLE_MODULES = YES;
				CODE_SIGN_ENTITLEMENTS = HydraArche/HydraArche.entitlements;
				CODE_SIGN_STYLE = Automatic;
				COMBINE_HIDPI_IMAGES = YES;
				CURRENT_PROJECT_VERSION = 1;
				DEVELOPMENT_ASSET_PATHS = "\"HydraArche/Preview Content\"";
				DEVELOPMENT_TEAM = 4SL5L673UU;
				ENABLE_HARDENED_RUNTIME = YES;
				ENABLE_PREVIEWS = YES;
				GCC_PREPROCESSOR_DEFINITIONS = (
					MACOS,
					PXR_METAL_SUPPORT_ENABLED,
					"$(inherited)",
				);
				GENERATE_INFOPLIST_FILE = YES;
				INFOPLIST_FILE = HydraArche/Info.plist;
				INFOPLIST_KEY_NSHumanReadableCopyright = "";
				LD_RUNPATH_SEARCH_PATHS = (
					"$(inherited)",
					"@executable_path/../Frameworks",
					./third_party/USDInstall/lib,
				);
				LIBRARY_SEARCH_PATHS = ./third_party/USDInstall/lib;
				MARKETING_VERSION = 1.0;
				OTHER_LDFLAGS = (
					"-lusd_usdMedia",
					"-lusd_usdRi",
					"-lusd_usdUI",
					"-lusd_usdUtils",
					"-lusd_usdPhysics",
					"-lusd_hdGp",
					"-lusd_usdProcImaging",
					"-lusd_usdRiImaging",
					"-lusd_usdSkelImaging",
					"-lusd_usdVolImaging",
					"-lusd_usdAppUtils",
					"-lusd_usdProc",
					"-lusd_usdSkel",
					"-lusd_usdImagingGL",
					"-lusd_usdHydra",
					"-lusd_hdx",
					"-lusd_hdSt",
					"-lusd_glf",
					"-lusd_hgiGL",
					"-lusd_hgiInterop",
					"-lusd_garch",
					"-lusd_hgiMetal",
					"-lusd_hgi",
					"-lusd_hdsi",
					"-lusd_usdImaging",
					"-lusd_usdVol",
					"-lusd_usdLux",
					"-lusd_usdShade",
					"-lusd_sdr",
					"-lusd_ndr",
					"-lusd_usdRender",
					"-lusd_usdGeom",
					"-lusd_usd",
					"-lusd_kind",
					"-lusd_pcp",
					"-lusd_hio",
					"-lusd_geomUtil",
					"-lusd_hdar",
					"-lusd_hd",
					"-lusd_sdf",
					"-lusd_ar",
					"-lusd_hf",
					"-lusd_plug",
					"-lusd_work",
					"-lusd_cameraUtil",
					"-lusd_pxOsd",
					"-lusd_vt",
					"-lusd_gf",
					"-lusd_trace",
					"-lusd_js",
					"-lusd_tf",
					"-lusd_arch",
					"-losdCPU",
					"-losdGPU",
					"-ltbb",
					"$(inherited)",
				);
				PRODUCT_BUNDLE_IDENTIFIER = archegraphics.HydraArche;
				PRODUCT_NAME = "$(TARGET_NAME)";
				SWIFT_EMIT_LOC_STRINGS = YES;
				SWIFT_OBJC_BRIDGING_HEADER = HydraArche/Bridging.h;
				SWIFT_VERSION = 5.0;
				SYSTEM_HEADER_SEARCH_PATHS = (
					./third_party/USDInstall/include,
					"$(inherited)",
				);
				USE_HEADERMAP = NO;
			};
			name = Release;
		};
		3EEB9BB729CD335600744D6E /* Debug */ = {
			isa = XCBuildConfiguration;
			buildSettings = {
				ALWAYS_EMBED_SWIFT_STANDARD_LIBRARIES = YES;
				BUNDLE_LOADER = "$(TEST_HOST)";
				CODE_SIGN_STYLE = Automatic;
				CURRENT_PROJECT_VERSION = 1;
				DEVELOPMENT_TEAM = 4SL5L673UU;
				GENERATE_INFOPLIST_FILE = YES;
				MACOSX_DEPLOYMENT_TARGET = 13.1;
				MARKETING_VERSION = 1.0;
				PRODUCT_BUNDLE_IDENTIFIER = archegraphics.HydraArcheTests;
				PRODUCT_NAME = "$(TARGET_NAME)";
				SWIFT_EMIT_LOC_STRINGS = NO;
				SWIFT_VERSION = 5.0;
				TEST_HOST = "$(BUILT_PRODUCTS_DIR)/HydraArche.app/$(BUNDLE_EXECUTABLE_FOLDER_PATH)/HydraArche";
			};
			name = Debug;
		};
		3EEB9BB829CD335600744D6E /* Release */ = {
			isa = XCBuildConfiguration;
			buildSettings = {
				ALWAYS_EMBED_SWIFT_STANDARD_LIBRARIES = YES;
				BUNDLE_LOADER = "$(TEST_HOST)";
				CODE_SIGN_STYLE = Automatic;
				CURRENT_PROJECT_VERSION = 1;
				DEVELOPMENT_TEAM = 4SL5L673UU;
				GENERATE_INFOPLIST_FILE = YES;
				MACOSX_DEPLOYMENT_TARGET = 13.1;
				MARKETING_VERSION = 1.0;
				PRODUCT_BUNDLE_IDENTIFIER = archegraphics.HydraArcheTests;
				PRODUCT_NAME = "$(TARGET_NAME)";
				SWIFT_EMIT_LOC_STRINGS = NO;
				SWIFT_VERSION = 5.0;
				TEST_HOST = "$(BUILT_PRODUCTS_DIR)/HydraArche.app/$(BUNDLE_EXECUTABLE_FOLDER_PATH)/HydraArche";
			};
			name = Release;
		};
		3EEB9BBA29CD335600744D6E /* Debug */ = {
			isa = XCBuildConfiguration;
			buildSettings = {
				ALWAYS_EMBED_SWIFT_STANDARD_LIBRARIES = YES;
				CODE_SIGN_STYLE = Automatic;
				CURRENT_PROJECT_VERSION = 1;
				DEVELOPMENT_TEAM = 4SL5L673UU;
				GENERATE_INFOPLIST_FILE = YES;
				MARKETING_VERSION = 1.0;
				PRODUCT_BUNDLE_IDENTIFIER = archegraphics.HydraArcheUITests;
				PRODUCT_NAME = "$(TARGET_NAME)";
				SWIFT_EMIT_LOC_STRINGS = NO;
				SWIFT_VERSION = 5.0;
				TEST_TARGET_NAME = HydraArche;
			};
			name = Debug;
		};
		3EEB9BBB29CD335600744D6E /* Release */ = {
			isa = XCBuildConfiguration;
			buildSettings = {
				ALWAYS_EMBED_SWIFT_STANDARD_LIBRARIES = YES;
				CODE_SIGN_STYLE = Automatic;
				CURRENT_PROJECT_VERSION = 1;
				DEVELOPMENT_TEAM = 4SL5L673UU;
				GENERATE_INFOPLIST_FILE = YES;
				MARKETING_VERSION = 1.0;
				PRODUCT_BUNDLE_IDENTIFIER = archegraphics.HydraArcheUITests;
				PRODUCT_NAME = "$(TARGET_NAME)";
				SWIFT_EMIT_LOC_STRINGS = NO;
				SWIFT_VERSION = 5.0;
				TEST_TARGET_NAME = HydraArche;
			};
			name = Release;
		};
/* End XCBuildConfiguration section */

/* Begin XCConfigurationList section */
		3EEB9B8629CD335300744D6E /* Build configuration list for PBXProject "HydraArche" */ = {
			isa = XCConfigurationList;
			buildConfigurations = (
				3EEB9BB129CD335600744D6E /* Debug */,
				3EEB9BB229CD335600744D6E /* Release */,
			);
			defaultConfigurationIsVisible = 0;
			defaultConfigurationName = Release;
		};
		3EEB9BB329CD335600744D6E /* Build configuration list for PBXNativeTarget "HydraArche" */ = {
			isa = XCConfigurationList;
			buildConfigurations = (
				3EEB9BB429CD335600744D6E /* Debug */,
				3EEB9BB529CD335600744D6E /* Release */,
			);
			defaultConfigurationIsVisible = 0;
			defaultConfigurationName = Release;
		};
		3EEB9BB629CD335600744D6E /* Build configuration list for PBXNativeTarget "HydraArcheTests" */ = {
			isa = XCConfigurationList;
			buildConfigurations = (
				3EEB9BB729CD335600744D6E /* Debug */,
				3EEB9BB829CD335600744D6E /* Release */,
			);
			defaultConfigurationIsVisible = 0;
			defaultConfigurationName = Release;
		};
		3EEB9BB929CD335600744D6E /* Build configuration list for PBXNativeTarget "HydraArcheUITests" */ = {
			isa = XCConfigurationList;
			buildConfigurations = (
				3EEB9BBA29CD335600744D6E /* Debug */,
				3EEB9BBB29CD335600744D6E /* Release */,
			);
			defaultConfigurationIsVisible = 0;
			defaultConfigurationName = Release;
		};
/* End XCConfigurationList section */
	};
	rootObject = 3EEB9B8329CD335300744D6E /* Project object */;
}
